
Microsoft Visual Studio Solution File, Format Version 12.00
# Visual Studio Version 16
VisualStudioVersion = 16.0.28621.142
MinimumVisualStudioVersion = 10.0.40219.1
Project("{9A19103F-16F7-4668-BE54-9A1E7A4F7556}") = "ComponentFunTime", "ComponentFunTime.csproj", "{EA0322B0-D8BB-4D11-8FBD-5ADFB0F644E7}"
EndProject
Global
	GlobalSection(SolutionConfigurationPlatforms) = preSolution
		Debug|Any CPU = Debug|Any CPU
		Release|Any CPU = Release|Any CPU
	EndGlobalSection
	GlobalSection(ProjectConfigurationPlatforms) = postSolution
		{EA0322B0-D8BB-4D11-8FBD-5ADFB0F644E7}.Debug|Any CPU.ActiveCfg = Debug|Any CPU
		{EA0322B0-D8BB-4D11-8FBD-5ADFB0F644E7}.Debug|Any CPU.Build.0 = Debug|Any CPU
		{EA0322B0-D8BB-4D11-8FBD-5ADFB0F644E7}.Release|Any CPU.ActiveCfg = Release|Any CPU
		{EA0322B0-D8BB-4D11-8FBD-5ADFB0F644E7}.Release|Any CPU.Build.0 = Release|Any CPU
	EndGlobalSection
	GlobalSection(SolutionProperties) = preSolution
		HideSolutionNode = FALSE
	EndGlobalSection
	GlobalSection(ExtensibilityGlobals) = postSolution
		SolutionGuid = {12F538DD-6E2D-4486-8278-1807C89C209F}
	EndGlobalSection
EndGlobal
